
Microsoft Visual Studio Solution File, Format Version 12.00
# Visual Studio 15
VisualStudioVersion = 15.0.28307.2017
MinimumVisualStudioVersion = 10.0.40219.1
Project("{2150E333-8FDC-42A3-9474-1A3956D46DE8}") = "Dados", "Dados", "{47C3F951-679B-4B51-9CBD-EDD870A7F7DB}"
EndProject
Project("{2150E333-8FDC-42A3-9474-1A3956D46DE8}") = "Servicos", "Servicos", "{4517EDAC-D68C-4574-8D9D-1FDC91C396AF}"
EndProject
Project("{2150E333-8FDC-42A3-9474-1A3956D46DE8}") = "Plugin", "Plugin", "{29530D9E-816F-4A31-9AEE-9A89D1D39B98}"
EndProject
Project("{2150E333-8FDC-42A3-9474-1A3956D46DE8}") = "Personalizacoes", "Personalizacoes", "{B7DA668C-2524-413B-8563-E87ADF653280}"
EndProject
Project("{2150E333-8FDC-42A3-9474-1A3956D46DE8}") = "Testes Unitarios", "Testes Unitarios", "{3E79D43B-19B8-4B4D-9F7F-6B0A9CD5730D}"
EndProject
Project("{2150E333-8FDC-42A3-9474-1A3956D46DE8}") = "Modelo EarlyBound", "Modelo EarlyBound", "{7FC6ABEE-60C1-4BD6-AC30-A9EEB72D325E}"
EndProject
Project("{FAE04EC0-301F-11D3-BF4B-00C04F79EFBC}") = "Cashme.Crm.Condo.ClientePotencial", "Cashme.Crm.Condo.ClientePotencial\Cashme.Crm.Condo.ClientePotencial.csproj", "{E09D5D24-DF9E-4797-94F1-7D2E93F062FC}"
EndProject
Project("{FAE04EC0-301F-11D3-BF4B-00C04F79EFBC}") = "Cashme.Crm.Condo.Service", "Cashme.Crm.Condo.Service\Cashme.Crm.Condo.Service.csproj", "{5A80D70A-34CB-473C-B6F6-F649CB316FE7}"
EndProject
Project("{FAE04EC0-301F-11D3-BF4B-00C04F79EFBC}") = "Cashme.Crm.Condo.Model", "Cashme.Crm.Condo.Model\Cashme.Crm.Condo.Model.csproj", "{04491DF2-01C1-4F27-B739-2D5413279426}"
EndProject
Project("{FAE04EC0-301F-11D3-BF4B-00C04F79EFBC}") = "Cashme.Crm.Condo.Data", "Cashme.Crm.Condo.Data\Cashme.Crm.Condo.Data.csproj", "{5120D27E-AEC9-4890-B9B4-362F2149C6FD}"
EndProject
Project("{FAE04EC0-301F-11D3-BF4B-00C04F79EFBC}") = "Cashme.Crm.Condo.Personalizacoes", "Cashme.Crm.Condo.Personalizacoes\Cashme.Crm.Condo.Personalizacoes.csproj", "{208A8DF7-E7D3-498A-B003-DA2266A799ED}"
EndProject
Project("{FAE04EC0-301F-11D3-BF4B-00C04F79EFBC}") = "Cashme.Crm.Condo.TDD", "Cashme.Crm.Condo.TestesUnitarios\Cashme.Crm.Condo.TDD.csproj", "{0B258E4A-9BFE-43AB-B47D-9D918CA9B1C0}"
EndProject
Project("{2150E333-8FDC-42A3-9474-1A3956D46DE8}") = "Clouds", "Clouds", "{5E403135-0DC7-4C5A-BD24-91749CC14CDD}"
EndProject
Project("{2150E333-8FDC-42A3-9474-1A3956D46DE8}") = "Azure", "Azure", "{CA68AAC5-530E-4646-9A23-1EE78A6D7F85}"
EndProject
Project("{2150E333-8FDC-42A3-9474-1A3956D46DE8}") = "Aws", "Aws", "{C8CABF37-4EF0-4244-9E16-DAE40C662FCE}"
EndProject
Project("{2150E333-8FDC-42A3-9474-1A3956D46DE8}") = "GCP", "GCP", "{64A87499-6BD8-4E9B-8F3C-363734A517BB}"
EndProject
Project("{2150E333-8FDC-42A3-9474-1A3956D46DE8}") = "Servless", "Servless", "{71E1E427-FB18-4B0D-95B0-98A8313CC3A9}"
EndProject
Project("{2150E333-8FDC-42A3-9474-1A3956D46DE8}") = "Web", "Web", "{F7837C71-638C-47F0-9687-F62D049F26F0}"
EndProject
Project("{FAE04EC0-301F-11D3-BF4B-00C04F79EFBC}") = "Cashme.Crm.Condo.WebJob", "Cashme.Crm.Condo.WebJob\Cashme.Crm.Condo.WebJob.csproj", "{BBB9F553-701F-4C45-90D6-DD233E7E84EA}"
EndProject
Project("{FAE04EC0-301F-11D3-BF4B-00C04F79EFBC}") = "Cashme.Crm.Condo.WebApi", "Cashme.Crm.Condo.WebApi\Cashme.Crm.Condo.WebApi.csproj", "{61976A91-0A85-4D31-A060-604D7E580F09}"
EndProject
Project("{2150E333-8FDC-42A3-9474-1A3956D46DE8}") = "Servless", "Servless", "{0C4C6B22-AD2A-4308-A14D-B6ACCD9D85A9}"
EndProject
Project("{2150E333-8FDC-42A3-9474-1A3956D46DE8}") = "Servless", "Servless", "{E8BB8B72-02EE-43EC-88C7-6F2E1838ACED}"
EndProject
Project("{FAE04EC0-301F-11D3-BF4B-00C04F79EFBC}") = "Cashme.Crm.Condo.Function", "Cashme.Crm.Condo.Function\Cashme.Crm.Condo.Function.csproj", "{3B4D62ED-747D-4343-8ECA-0FAA0E0C5281}"
EndProject
Project("{2150E333-8FDC-42A3-9474-1A3956D46DE8}") = "Testes Comportamentais", "Testes Comportamentais", "{67A5329B-BA0A-438C-B42C-AC57CCAB5322}"
EndProject
Project("{FAE04EC0-301F-11D3-BF4B-00C04F79EFBC}") = "Cashme.Crm.Condo.BDD", "Cashme.Crm.Condo.BDD\Cashme.Crm.Condo.BDD.csproj", "{E5CFBDF9-FA29-423C-8DFD-1FCDA1EFEB71}"
EndProject
Global
	GlobalSection(SolutionConfigurationPlatforms) = preSolution
		Debug|Any CPU = Debug|Any CPU
		Release|Any CPU = Release|Any CPU
	EndGlobalSection
	GlobalSection(ProjectConfigurationPlatforms) = postSolution
		{E09D5D24-DF9E-4797-94F1-7D2E93F062FC}.Debug|Any CPU.ActiveCfg = Debug|Any CPU
		{E09D5D24-DF9E-4797-94F1-7D2E93F062FC}.Debug|Any CPU.Build.0 = Debug|Any CPU
		{E09D5D24-DF9E-4797-94F1-7D2E93F062FC}.Release|Any CPU.ActiveCfg = Release|Any CPU
		{E09D5D24-DF9E-4797-94F1-7D2E93F062FC}.Release|Any CPU.Build.0 = Release|Any CPU
		{5A80D70A-34CB-473C-B6F6-F649CB316FE7}.Debug|Any CPU.ActiveCfg = Debug|Any CPU
		{5A80D70A-34CB-473C-B6F6-F649CB316FE7}.Debug|Any CPU.Build.0 = Debug|Any CPU
		{5A80D70A-34CB-473C-B6F6-F649CB316FE7}.Release|Any CPU.ActiveCfg = Release|Any CPU
		{5A80D70A-34CB-473C-B6F6-F649CB316FE7}.Release|Any CPU.Build.0 = Release|Any CPU
		{04491DF2-01C1-4F27-B739-2D5413279426}.Debug|Any CPU.ActiveCfg = Debug|Any CPU
		{04491DF2-01C1-4F27-B739-2D5413279426}.Debug|Any CPU.Build.0 = Debug|Any CPU
		{04491DF2-01C1-4F27-B739-2D5413279426}.Release|Any CPU.ActiveCfg = Release|Any CPU
		{04491DF2-01C1-4F27-B739-2D5413279426}.Release|Any CPU.Build.0 = Release|Any CPU
		{5120D27E-AEC9-4890-B9B4-362F2149C6FD}.Debug|Any CPU.ActiveCfg = Debug|Any CPU
		{5120D27E-AEC9-4890-B9B4-362F2149C6FD}.Debug|Any CPU.Build.0 = Debug|Any CPU
		{5120D27E-AEC9-4890-B9B4-362F2149C6FD}.Release|Any CPU.ActiveCfg = Release|Any CPU
		{5120D27E-AEC9-4890-B9B4-362F2149C6FD}.Release|Any CPU.Build.0 = Release|Any CPU
		{208A8DF7-E7D3-498A-B003-DA2266A799ED}.Debug|Any CPU.ActiveCfg = Debug|Any CPU
		{208A8DF7-E7D3-498A-B003-DA2266A799ED}.Debug|Any CPU.Build.0 = Debug|Any CPU
		{208A8DF7-E7D3-498A-B003-DA2266A799ED}.Release|Any CPU.ActiveCfg = Release|Any CPU
		{208A8DF7-E7D3-498A-B003-DA2266A799ED}.Release|Any CPU.Build.0 = Release|Any CPU
		{0B258E4A-9BFE-43AB-B47D-9D918CA9B1C0}.Debug|Any CPU.ActiveCfg = Debug|Any CPU
		{0B258E4A-9BFE-43AB-B47D-9D918CA9B1C0}.Debug|Any CPU.Build.0 = Debug|Any CPU
		{0B258E4A-9BFE-43AB-B47D-9D918CA9B1C0}.Release|Any CPU.ActiveCfg = Release|Any CPU
		{0B258E4A-9BFE-43AB-B47D-9D918CA9B1C0}.Release|Any CPU.Build.0 = Release|Any CPU
		{BBB9F553-701F-4C45-90D6-DD233E7E84EA}.Debug|Any CPU.ActiveCfg = Debug|Any CPU
		{BBB9F553-701F-4C45-90D6-DD233E7E84EA}.Debug|Any CPU.Build.0 = Debug|Any CPU
		{BBB9F553-701F-4C45-90D6-DD233E7E84EA}.Release|Any CPU.ActiveCfg = Release|Any CPU
		{BBB9F553-701F-4C45-90D6-DD233E7E84EA}.Release|Any CPU.Build.0 = Release|Any CPU
		{61976A91-0A85-4D31-A060-604D7E580F09}.Debug|Any CPU.ActiveCfg = Debug|Any CPU
		{61976A91-0A85-4D31-A060-604D7E580F09}.Debug|Any CPU.Build.0 = Debug|Any CPU
		{61976A91-0A85-4D31-A060-604D7E580F09}.Release|Any CPU.ActiveCfg = Release|Any CPU
		{61976A91-0A85-4D31-A060-604D7E580F09}.Release|Any CPU.Build.0 = Release|Any CPU
		{3B4D62ED-747D-4343-8ECA-0FAA0E0C5281}.Debug|Any CPU.ActiveCfg = Debug|Any CPU
		{3B4D62ED-747D-4343-8ECA-0FAA0E0C5281}.Debug|Any CPU.Build.0 = Debug|Any CPU
		{3B4D62ED-747D-4343-8ECA-0FAA0E0C5281}.Release|Any CPU.ActiveCfg = Release|Any CPU
		{3B4D62ED-747D-4343-8ECA-0FAA0E0C5281}.Release|Any CPU.Build.0 = Release|Any CPU
		{E5CFBDF9-FA29-423C-8DFD-1FCDA1EFEB71}.Debug|Any CPU.ActiveCfg = Debug|Any CPU
		{E5CFBDF9-FA29-423C-8DFD-1FCDA1EFEB71}.Debug|Any CPU.Build.0 = Debug|Any CPU
		{E5CFBDF9-FA29-423C-8DFD-1FCDA1EFEB71}.Release|Any CPU.ActiveCfg = Release|Any CPU
		{E5CFBDF9-FA29-423C-8DFD-1FCDA1EFEB71}.Release|Any CPU.Build.0 = Release|Any CPU
	EndGlobalSection
	GlobalSection(SolutionProperties) = preSolution
		HideSolutionNode = FALSE
	EndGlobalSection
	GlobalSection(NestedProjects) = preSolution
		{E09D5D24-DF9E-4797-94F1-7D2E93F062FC} = {29530D9E-816F-4A31-9AEE-9A89D1D39B98}
		{5A80D70A-34CB-473C-B6F6-F649CB316FE7} = {4517EDAC-D68C-4574-8D9D-1FDC91C396AF}
		{04491DF2-01C1-4F27-B739-2D5413279426} = {7FC6ABEE-60C1-4BD6-AC30-A9EEB72D325E}
		{5120D27E-AEC9-4890-B9B4-362F2149C6FD} = {47C3F951-679B-4B51-9CBD-EDD870A7F7DB}
		{208A8DF7-E7D3-498A-B003-DA2266A799ED} = {B7DA668C-2524-413B-8563-E87ADF653280}
		{0B258E4A-9BFE-43AB-B47D-9D918CA9B1C0} = {3E79D43B-19B8-4B4D-9F7F-6B0A9CD5730D}
		{CA68AAC5-530E-4646-9A23-1EE78A6D7F85} = {5E403135-0DC7-4C5A-BD24-91749CC14CDD}
		{C8CABF37-4EF0-4244-9E16-DAE40C662FCE} = {5E403135-0DC7-4C5A-BD24-91749CC14CDD}
		{64A87499-6BD8-4E9B-8F3C-363734A517BB} = {5E403135-0DC7-4C5A-BD24-91749CC14CDD}
		{71E1E427-FB18-4B0D-95B0-98A8313CC3A9} = {CA68AAC5-530E-4646-9A23-1EE78A6D7F85}
		{F7837C71-638C-47F0-9687-F62D049F26F0} = {CA68AAC5-530E-4646-9A23-1EE78A6D7F85}
		{BBB9F553-701F-4C45-90D6-DD233E7E84EA} = {F7837C71-638C-47F0-9687-F62D049F26F0}
		{61976A91-0A85-4D31-A060-604D7E580F09} = {F7837C71-638C-47F0-9687-F62D049F26F0}
		{0C4C6B22-AD2A-4308-A14D-B6ACCD9D85A9} = {C8CABF37-4EF0-4244-9E16-DAE40C662FCE}
		{E8BB8B72-02EE-43EC-88C7-6F2E1838ACED} = {64A87499-6BD8-4E9B-8F3C-363734A517BB}
		{3B4D62ED-747D-4343-8ECA-0FAA0E0C5281} = {71E1E427-FB18-4B0D-95B0-98A8313CC3A9}
		{E5CFBDF9-FA29-423C-8DFD-1FCDA1EFEB71} = {67A5329B-BA0A-438C-B42C-AC57CCAB5322}
	EndGlobalSection
	GlobalSection(ExtensibilityGlobals) = postSolution
		SolutionGuid = {BB80249B-6882-4D9A-9014-6338C399CA01}
	EndGlobalSection
EndGlobal
